
Microsoft Visual Studio Solution File, Format Version 12.00
# Visual Studio 15
VisualStudioVersion = 15.0.26124.0
MinimumVisualStudioVersion = 15.0.26124.0
Project("{2150E333-8FDC-42A3-9474-1A3956D46DE8}") = "src", "src", "{0CD41012-7BDB-4275-9C14-E4B6697F968E}"
EndProject
Project("{FAE04EC0-301F-11D3-BF4B-00C04F79EFBC}") = "Fnproject.Fn.Fdk", "src\Fnproject.Fn.Fdk\Fnproject.Fn.Fdk.csproj", "{126CF781-CDDB-4DCD-9609-3CC814D7DA28}"
EndProject
Project("{2150E333-8FDC-42A3-9474-1A3956D46DE8}") = "tests", "tests", "{0109C7A5-0D0C-4E44-84B7-B8052ACB3D4D}"
EndProject
Project("{FAE04EC0-301F-11D3-BF4B-00C04F79EFBC}") = "Fnproject.Fn.Fdk.Tests", "tests\Fnproject.Fn.Fdk.Tests\Fnproject.Fn.Fdk.Tests.csproj", "{777352A5-298A-465D-8D62-C62C9D38DE5D}"
EndProject
Global
	GlobalSection(SolutionConfigurationPlatforms) = preSolution
		Debug|Any CPU = Debug|Any CPU
		Debug|x64 = Debug|x64
		Debug|x86 = Debug|x86
		Release|Any CPU = Release|Any CPU
		Release|x64 = Release|x64
		Release|x86 = Release|x86
	EndGlobalSection
	GlobalSection(SolutionProperties) = preSolution
		HideSolutionNode = FALSE
	EndGlobalSection
	GlobalSection(ProjectConfigurationPlatforms) = postSolution
		{126CF781-CDDB-4DCD-9609-3CC814D7DA28}.Debug|Any CPU.ActiveCfg = Debug|Any CPU
		{126CF781-CDDB-4DCD-9609-3CC814D7DA28}.Debug|Any CPU.Build.0 = Debug|Any CPU
		{126CF781-CDDB-4DCD-9609-3CC814D7DA28}.Debug|x64.ActiveCfg = Debug|Any CPU
		{126CF781-CDDB-4DCD-9609-3CC814D7DA28}.Debug|x64.Build.0 = Debug|Any CPU
		{126CF781-CDDB-4DCD-9609-3CC814D7DA28}.Debug|x86.ActiveCfg = Debug|Any CPU
		{126CF781-CDDB-4DCD-9609-3CC814D7DA28}.Debug|x86.Build.0 = Debug|Any CPU
		{126CF781-CDDB-4DCD-9609-3CC814D7DA28}.Release|Any CPU.ActiveCfg = Release|Any CPU
		{126CF781-CDDB-4DCD-9609-3CC814D7DA28}.Release|Any CPU.Build.0 = Release|Any CPU
		{126CF781-CDDB-4DCD-9609-3CC814D7DA28}.Release|x64.ActiveCfg = Release|Any CPU
		{126CF781-CDDB-4DCD-9609-3CC814D7DA28}.Release|x64.Build.0 = Release|Any CPU
		{126CF781-CDDB-4DCD-9609-3CC814D7DA28}.Release|x86.ActiveCfg = Release|Any CPU
		{126CF781-CDDB-4DCD-9609-3CC814D7DA28}.Release|x86.Build.0 = Release|Any CPU
		{777352A5-298A-465D-8D62-C62C9D38DE5D}.Debug|Any CPU.ActiveCfg = Debug|Any CPU
		{777352A5-298A-465D-8D62-C62C9D38DE5D}.Debug|Any CPU.Build.0 = Debug|Any CPU
		{777352A5-298A-465D-8D62-C62C9D38DE5D}.Debug|x64.ActiveCfg = Debug|Any CPU
		{777352A5-298A-465D-8D62-C62C9D38DE5D}.Debug|x64.Build.0 = Debug|Any CPU
		{777352A5-298A-465D-8D62-C62C9D38DE5D}.Debug|x86.ActiveCfg = Debug|Any CPU
		{777352A5-298A-465D-8D62-C62C9D38DE5D}.Debug|x86.Build.0 = Debug|Any CPU
		{777352A5-298A-465D-8D62-C62C9D38DE5D}.Release|Any CPU.ActiveCfg = Release|Any CPU
		{777352A5-298A-465D-8D62-C62C9D38DE5D}.Release|Any CPU.Build.0 = Release|Any CPU
		{777352A5-298A-465D-8D62-C62C9D38DE5D}.Release|x64.ActiveCfg = Release|Any CPU
		{777352A5-298A-465D-8D62-C62C9D38DE5D}.Release|x64.Build.0 = Release|Any CPU
		{777352A5-298A-465D-8D62-C62C9D38DE5D}.Release|x86.ActiveCfg = Release|Any CPU
		{777352A5-298A-465D-8D62-C62C9D38DE5D}.Release|x86.Build.0 = Release|Any CPU
	EndGlobalSection
	GlobalSection(NestedProjects) = preSolution
		{126CF781-CDDB-4DCD-9609-3CC814D7DA28} = {0CD41012-7BDB-4275-9C14-E4B6697F968E}
		{777352A5-298A-465D-8D62-C62C9D38DE5D} = {0109C7A5-0D0C-4E44-84B7-B8052ACB3D4D}
	EndGlobalSection
EndGlobal
